
Microsoft Visual Studio Solution File, Format Version 12.00
# Visual Studio Version 17
VisualStudioVersion = 17.0.31919.166
MinimumVisualStudioVersion = 10.0.40219.1
Project("{9A19103F-16F7-4668-BE54-9A1E7A4F7556}") = "PixUI", "PixUI\PixUI.csproj", "{9644950E-175C-4EFD-9307-CBF97764561D}"
EndProject
Project("{FAE04EC0-301F-11D3-BF4B-00C04F79EFBC}") = "PixUI.Platform.Mac", "PixUI.Platform.Mac\PixUI.Platform.Mac.csproj", "{8E61F4D4-1134-4798-8290-99DF730AAA19}"
EndProject
Project("{9A19103F-16F7-4668-BE54-9A1E7A4F7556}") = "PixUI.UnitTests", "PixUI.UnitTests\PixUI.UnitTests.csproj", "{62959C4B-FF54-4BBB-9A2A-0068CDBAE35A}"
EndProject
Project("{FAE04EC0-301F-11D3-BF4B-00C04F79EFBC}") = "PixUI.CS2TS", "PixUI.CS2TS\PixUI.CS2TS.csproj", "{3514B9AF-9CE2-490C-9297-5D0BCDC3A341}"
EndProject
Project("{FAE04EC0-301F-11D3-BF4B-00C04F79EFBC}") = "PixUI.Test.Mac", "PixUI.Test.Mac\PixUI.Test.Mac.csproj", "{F92BAC70-041A-4415-BCF8-B5DEC31A1171}"
EndProject
Project("{FAE04EC0-301F-11D3-BF4B-00C04F79EFBC}") = "PixUI.Tools", "PixUI.Tools\PixUI.Tools.csproj", "{E5EDAE7A-A3FE-49CD-9D77-96478BDE1B67}"
EndProject
Project("{FAE04EC0-301F-11D3-BF4B-00C04F79EFBC}") = "PixUI.CodeEditor", "PixUI.CodeEditor\PixUI.CodeEditor.csproj", "{24E5A347-4558-4A65-B88E-F8E42BF27EA8}"
EndProject
Global
	GlobalSection(SolutionConfigurationPlatforms) = preSolution
		Debug|Any CPU = Debug|Any CPU
		Release|Any CPU = Release|Any CPU
		DebugWeb|Any CPU = DebugWeb|Any CPU
	EndGlobalSection
	GlobalSection(ProjectConfigurationPlatforms) = postSolution
		{9644950E-175C-4EFD-9307-CBF97764561D}.Debug|Any CPU.ActiveCfg = Debug|Any CPU
		{9644950E-175C-4EFD-9307-CBF97764561D}.Debug|Any CPU.Build.0 = Debug|Any CPU
		{9644950E-175C-4EFD-9307-CBF97764561D}.Release|Any CPU.ActiveCfg = Release|Any CPU
		{9644950E-175C-4EFD-9307-CBF97764561D}.Release|Any CPU.Build.0 = Release|Any CPU
		{9644950E-175C-4EFD-9307-CBF97764561D}.DebugWeb|Any CPU.ActiveCfg = DebugWeb|Any CPU
		{9644950E-175C-4EFD-9307-CBF97764561D}.DebugWeb|Any CPU.Build.0 = DebugWeb|Any CPU
		{8E61F4D4-1134-4798-8290-99DF730AAA19}.Debug|Any CPU.ActiveCfg = Debug|Any CPU
		{8E61F4D4-1134-4798-8290-99DF730AAA19}.Debug|Any CPU.Build.0 = Debug|Any CPU
		{8E61F4D4-1134-4798-8290-99DF730AAA19}.Release|Any CPU.ActiveCfg = Release|Any CPU
		{8E61F4D4-1134-4798-8290-99DF730AAA19}.Release|Any CPU.Build.0 = Release|Any CPU
		{62959C4B-FF54-4BBB-9A2A-0068CDBAE35A}.Debug|Any CPU.ActiveCfg = Debug|Any CPU
		{62959C4B-FF54-4BBB-9A2A-0068CDBAE35A}.Debug|Any CPU.Build.0 = Debug|Any CPU
		{62959C4B-FF54-4BBB-9A2A-0068CDBAE35A}.Release|Any CPU.ActiveCfg = Release|Any CPU
		{62959C4B-FF54-4BBB-9A2A-0068CDBAE35A}.Release|Any CPU.Build.0 = Release|Any CPU
		{3514B9AF-9CE2-490C-9297-5D0BCDC3A341}.Debug|Any CPU.ActiveCfg = Debug|Any CPU
		{3514B9AF-9CE2-490C-9297-5D0BCDC3A341}.Debug|Any CPU.Build.0 = Debug|Any CPU
		{3514B9AF-9CE2-490C-9297-5D0BCDC3A341}.Release|Any CPU.ActiveCfg = Release|Any CPU
		{3514B9AF-9CE2-490C-9297-5D0BCDC3A341}.Release|Any CPU.Build.0 = Release|Any CPU
		{F92BAC70-041A-4415-BCF8-B5DEC31A1171}.Debug|Any CPU.ActiveCfg = Debug|Any CPU
		{F92BAC70-041A-4415-BCF8-B5DEC31A1171}.Debug|Any CPU.Build.0 = Debug|Any CPU
		{F92BAC70-041A-4415-BCF8-B5DEC31A1171}.Release|Any CPU.ActiveCfg = Release|Any CPU
		{F92BAC70-041A-4415-BCF8-B5DEC31A1171}.Release|Any CPU.Build.0 = Release|Any CPU
		{E5EDAE7A-A3FE-49CD-9D77-96478BDE1B67}.Debug|Any CPU.ActiveCfg = Debug|Any CPU
		{E5EDAE7A-A3FE-49CD-9D77-96478BDE1B67}.Debug|Any CPU.Build.0 = Debug|Any CPU
		{E5EDAE7A-A3FE-49CD-9D77-96478BDE1B67}.Release|Any CPU.ActiveCfg = Release|Any CPU
		{E5EDAE7A-A3FE-49CD-9D77-96478BDE1B67}.Release|Any CPU.Build.0 = Release|Any CPU
		{24E5A347-4558-4A65-B88E-F8E42BF27EA8}.Debug|Any CPU.ActiveCfg = Debug|Any CPU
		{24E5A347-4558-4A65-B88E-F8E42BF27EA8}.Debug|Any CPU.Build.0 = Debug|Any CPU
		{24E5A347-4558-4A65-B88E-F8E42BF27EA8}.Release|Any CPU.ActiveCfg = Release|Any CPU
		{24E5A347-4558-4A65-B88E-F8E42BF27EA8}.Release|Any CPU.Build.0 = Release|Any CPU
		{24E5A347-4558-4A65-B88E-F8E42BF27EA8}.DebugWeb|Any CPU.ActiveCfg = DebugWeb|Any CPU
		{24E5A347-4558-4A65-B88E-F8E42BF27EA8}.DebugWeb|Any CPU.Build.0 = DebugWeb|Any CPU
	EndGlobalSection
	GlobalSection(SolutionProperties) = preSolution
		HideSolutionNode = FALSE
	EndGlobalSection
	GlobalSection(ExtensibilityGlobals) = postSolution
		SolutionGuid = {CC639009-5F80-440A-A7F1-4A3C36AA556D}
	EndGlobalSection
EndGlobal
