
Microsoft Visual Studio Solution File, Format Version 12.00
# Visual Studio Version 17
VisualStudioVersion = 17.3.32714.290
MinimumVisualStudioVersion = 10.0.40219.1
Project("{9A19103F-16F7-4668-BE54-9A1E7A4F7556}") = "AppStudio", "AppStudio\AppStudio.csproj", "{1E78621B-3432-4C22-A7B8-EDF093D8A479}"
EndProject
Project("{9A19103F-16F7-4668-BE54-9A1E7A4F7556}") = "PixUI", "PixUI\PixUI\PixUI.csproj", "{418E1E7E-4990-4FDD-83F4-82A988898CD4}"
EndProject
Project("{9A19103F-16F7-4668-BE54-9A1E7A4F7556}") = "PixUI.CodeEditor", "PixUI\PixUI.CodeEditor\PixUI.CodeEditor.csproj", "{18CF6F65-92E9-443B-894A-D54959FD2375}"
EndProject
Project("{9A19103F-16F7-4668-BE54-9A1E7A4F7556}") = "Client", "Client\Client.csproj", "{19FE4329-7FEB-4971-899B-D51F8BA8DDAC}"
EndProject
Project("{9A19103F-16F7-4668-BE54-9A1E7A4F7556}") = "WebHost", "WebHost\WebHost.csproj", "{DAD384D7-716D-452A-BF8D-7927F858D194}"
EndProject
Project("{9A19103F-16F7-4668-BE54-9A1E7A4F7556}") = "Core", "Core\Core.csproj", "{3182AF03-4823-44A0-9F46-58E98821E959}"
EndProject
Project("{9A19103F-16F7-4668-BE54-9A1E7A4F7556}") = "Design", "Design\Design.csproj", "{FEC4FD56-1B67-4475-A7F4-707C78244375}"
EndProject
Project("{9A19103F-16F7-4668-BE54-9A1E7A4F7556}") = "Tests", "Tests\Tests.csproj", "{A4D07B9D-CAE6-460F-8C10-D076A5D1C097}"
EndProject
Project("{9A19103F-16F7-4668-BE54-9A1E7A4F7556}") = "PixUI.CS2TS", "PixUI\PixUI.CS2TS\PixUI.CS2TS.csproj", "{0B8F5D4A-BD5C-44A5-A0F3-590DB3548F0D}"
EndProject
Project("{9A19103F-16F7-4668-BE54-9A1E7A4F7556}") = "Store", "Store\Store.csproj", "{E0544545-2D6D-456A-ABE1-A70442D21C91}"
EndProject
Project("{9A19103F-16F7-4668-BE54-9A1E7A4F7556}") = "Store.PostgreSql", "Store.PostgreSql\Store.PostgreSql.csproj", "{0C124E7D-07FD-449A-B381-6F4C81F3F70C}"
EndProject
Project("{9A19103F-16F7-4668-BE54-9A1E7A4F7556}") = "Server", "Server\Server.csproj", "{BF90319C-F718-47ED-979E-C3E11675BBAA}"
EndProject
Project("{2150E333-8FDC-42A3-9474-1A3956D46DE8}") = "Tools", "Tools", "{A8D21B0F-9EDC-4C40-91E8-30629EE8CA7B}"
EndProject
Project("{2150E333-8FDC-42A3-9474-1A3956D46DE8}") = "PixUI", "PixUI", "{85ACE26B-88CA-4817-A24D-C50E5A5D430F}"
EndProject
Project("{9A19103F-16F7-4668-BE54-9A1E7A4F7556}") = "SerializationGenerator", "Tools\SerializationGenerator\SerializationGenerator.csproj", "{BCB6C726-2BBC-415A-A3EB-3C655DB31CBF}"
EndProject
Project("{9A19103F-16F7-4668-BE54-9A1E7A4F7556}") = "AppStudio.Win", "AppStudio.Win\AppStudio.Win.csproj", "{C32F360B-20B1-4EC8-8D84-295F6E26596D}"
EndProject
Project("{9A19103F-16F7-4668-BE54-9A1E7A4F7556}") = "PixUI.Platform.Win", "PixUI\PixUI.Platform.Win\PixUI.Platform.Win.csproj", "{33252219-697A-43E1-AB47-159DB8A1CB66}"
EndProject
Project("{FAE04EC0-301F-11D3-BF4B-00C04F79EFBC}") = "AppStudio.Mac", "AppStudio.Mac\AppStudio.Mac.csproj", "{33C29182-8988-4802-AA1C-C3C71B6A0893}"
EndProject
Project("{FAE04EC0-301F-11D3-BF4B-00C04F79EFBC}") = "PixUI.Platform.Mac", "PixUI\PixUI.Platform.Mac\PixUI.Platform.Mac.csproj", "{676FF0F1-F172-409C-B078-09B08614455F}"
EndProject
Global
	GlobalSection(SolutionConfigurationPlatforms) = preSolution
		Debug|Any CPU = Debug|Any CPU
		Debug|ARM64 = Debug|ARM64
		Release|Any CPU = Release|Any CPU
		Release|ARM64 = Release|ARM64
	EndGlobalSection
	GlobalSection(ProjectConfigurationPlatforms) = postSolution
		{1E78621B-3432-4C22-A7B8-EDF093D8A479}.Debug|Any CPU.ActiveCfg = Debug|Any CPU
		{1E78621B-3432-4C22-A7B8-EDF093D8A479}.Debug|Any CPU.Build.0 = Debug|Any CPU
		{1E78621B-3432-4C22-A7B8-EDF093D8A479}.Debug|ARM64.ActiveCfg = Debug|Any CPU
		{1E78621B-3432-4C22-A7B8-EDF093D8A479}.Debug|ARM64.Build.0 = Debug|Any CPU
		{1E78621B-3432-4C22-A7B8-EDF093D8A479}.Release|Any CPU.ActiveCfg = Release|Any CPU
		{1E78621B-3432-4C22-A7B8-EDF093D8A479}.Release|Any CPU.Build.0 = Release|Any CPU
		{1E78621B-3432-4C22-A7B8-EDF093D8A479}.Release|ARM64.ActiveCfg = Release|Any CPU
		{1E78621B-3432-4C22-A7B8-EDF093D8A479}.Release|ARM64.Build.0 = Release|Any CPU
		{418E1E7E-4990-4FDD-83F4-82A988898CD4}.Debug|Any CPU.ActiveCfg = Debug|Any CPU
		{418E1E7E-4990-4FDD-83F4-82A988898CD4}.Debug|Any CPU.Build.0 = Debug|Any CPU
		{418E1E7E-4990-4FDD-83F4-82A988898CD4}.Debug|ARM64.ActiveCfg = Debug|Any CPU
		{418E1E7E-4990-4FDD-83F4-82A988898CD4}.Debug|ARM64.Build.0 = Debug|Any CPU
		{418E1E7E-4990-4FDD-83F4-82A988898CD4}.Release|Any CPU.ActiveCfg = Release|Any CPU
		{418E1E7E-4990-4FDD-83F4-82A988898CD4}.Release|Any CPU.Build.0 = Release|Any CPU
		{418E1E7E-4990-4FDD-83F4-82A988898CD4}.Release|ARM64.ActiveCfg = Release|Any CPU
		{418E1E7E-4990-4FDD-83F4-82A988898CD4}.Release|ARM64.Build.0 = Release|Any CPU
		{18CF6F65-92E9-443B-894A-D54959FD2375}.Debug|Any CPU.ActiveCfg = Debug|Any CPU
		{18CF6F65-92E9-443B-894A-D54959FD2375}.Debug|Any CPU.Build.0 = Debug|Any CPU
		{18CF6F65-92E9-443B-894A-D54959FD2375}.Debug|ARM64.ActiveCfg = Debug|Any CPU
		{18CF6F65-92E9-443B-894A-D54959FD2375}.Debug|ARM64.Build.0 = Debug|Any CPU
		{18CF6F65-92E9-443B-894A-D54959FD2375}.Release|Any CPU.ActiveCfg = Release|Any CPU
		{18CF6F65-92E9-443B-894A-D54959FD2375}.Release|Any CPU.Build.0 = Release|Any CPU
		{18CF6F65-92E9-443B-894A-D54959FD2375}.Release|ARM64.ActiveCfg = Release|Any CPU
		{18CF6F65-92E9-443B-894A-D54959FD2375}.Release|ARM64.Build.0 = Release|Any CPU
		{19FE4329-7FEB-4971-899B-D51F8BA8DDAC}.Debug|Any CPU.ActiveCfg = Debug|Any CPU
		{19FE4329-7FEB-4971-899B-D51F8BA8DDAC}.Debug|Any CPU.Build.0 = Debug|Any CPU
		{19FE4329-7FEB-4971-899B-D51F8BA8DDAC}.Debug|ARM64.ActiveCfg = Debug|Any CPU
		{19FE4329-7FEB-4971-899B-D51F8BA8DDAC}.Debug|ARM64.Build.0 = Debug|Any CPU
		{19FE4329-7FEB-4971-899B-D51F8BA8DDAC}.Release|Any CPU.ActiveCfg = Release|Any CPU
		{19FE4329-7FEB-4971-899B-D51F8BA8DDAC}.Release|Any CPU.Build.0 = Release|Any CPU
		{19FE4329-7FEB-4971-899B-D51F8BA8DDAC}.Release|ARM64.ActiveCfg = Release|Any CPU
		{19FE4329-7FEB-4971-899B-D51F8BA8DDAC}.Release|ARM64.Build.0 = Release|Any CPU
		{DAD384D7-716D-452A-BF8D-7927F858D194}.Debug|Any CPU.ActiveCfg = Debug|Any CPU
		{DAD384D7-716D-452A-BF8D-7927F858D194}.Debug|Any CPU.Build.0 = Debug|Any CPU
		{DAD384D7-716D-452A-BF8D-7927F858D194}.Debug|ARM64.ActiveCfg = Debug|Any CPU
		{DAD384D7-716D-452A-BF8D-7927F858D194}.Debug|ARM64.Build.0 = Debug|Any CPU
		{DAD384D7-716D-452A-BF8D-7927F858D194}.Release|Any CPU.ActiveCfg = Release|Any CPU
		{DAD384D7-716D-452A-BF8D-7927F858D194}.Release|Any CPU.Build.0 = Release|Any CPU
		{DAD384D7-716D-452A-BF8D-7927F858D194}.Release|ARM64.ActiveCfg = Release|Any CPU
		{DAD384D7-716D-452A-BF8D-7927F858D194}.Release|ARM64.Build.0 = Release|Any CPU
		{3182AF03-4823-44A0-9F46-58E98821E959}.Debug|Any CPU.ActiveCfg = Debug|Any CPU
		{3182AF03-4823-44A0-9F46-58E98821E959}.Debug|Any CPU.Build.0 = Debug|Any CPU
		{3182AF03-4823-44A0-9F46-58E98821E959}.Debug|ARM64.ActiveCfg = Debug|Any CPU
		{3182AF03-4823-44A0-9F46-58E98821E959}.Debug|ARM64.Build.0 = Debug|Any CPU
		{3182AF03-4823-44A0-9F46-58E98821E959}.Release|Any CPU.ActiveCfg = Release|Any CPU
		{3182AF03-4823-44A0-9F46-58E98821E959}.Release|Any CPU.Build.0 = Release|Any CPU
		{3182AF03-4823-44A0-9F46-58E98821E959}.Release|ARM64.ActiveCfg = Release|Any CPU
		{3182AF03-4823-44A0-9F46-58E98821E959}.Release|ARM64.Build.0 = Release|Any CPU
		{FEC4FD56-1B67-4475-A7F4-707C78244375}.Debug|Any CPU.ActiveCfg = Debug|Any CPU
		{FEC4FD56-1B67-4475-A7F4-707C78244375}.Debug|Any CPU.Build.0 = Debug|Any CPU
		{FEC4FD56-1B67-4475-A7F4-707C78244375}.Debug|ARM64.ActiveCfg = Debug|Any CPU
		{FEC4FD56-1B67-4475-A7F4-707C78244375}.Debug|ARM64.Build.0 = Debug|Any CPU
		{FEC4FD56-1B67-4475-A7F4-707C78244375}.Release|Any CPU.ActiveCfg = Release|Any CPU
		{FEC4FD56-1B67-4475-A7F4-707C78244375}.Release|Any CPU.Build.0 = Release|Any CPU
		{FEC4FD56-1B67-4475-A7F4-707C78244375}.Release|ARM64.ActiveCfg = Release|Any CPU
		{FEC4FD56-1B67-4475-A7F4-707C78244375}.Release|ARM64.Build.0 = Release|Any CPU
		{A4D07B9D-CAE6-460F-8C10-D076A5D1C097}.Debug|Any CPU.ActiveCfg = Debug|Any CPU
		{A4D07B9D-CAE6-460F-8C10-D076A5D1C097}.Debug|Any CPU.Build.0 = Debug|Any CPU
		{A4D07B9D-CAE6-460F-8C10-D076A5D1C097}.Debug|ARM64.ActiveCfg = Debug|Any CPU
		{A4D07B9D-CAE6-460F-8C10-D076A5D1C097}.Debug|ARM64.Build.0 = Debug|Any CPU
		{A4D07B9D-CAE6-460F-8C10-D076A5D1C097}.Release|Any CPU.ActiveCfg = Release|Any CPU
		{A4D07B9D-CAE6-460F-8C10-D076A5D1C097}.Release|Any CPU.Build.0 = Release|Any CPU
		{A4D07B9D-CAE6-460F-8C10-D076A5D1C097}.Release|ARM64.ActiveCfg = Release|Any CPU
		{A4D07B9D-CAE6-460F-8C10-D076A5D1C097}.Release|ARM64.Build.0 = Release|Any CPU
		{0B8F5D4A-BD5C-44A5-A0F3-590DB3548F0D}.Debug|Any CPU.ActiveCfg = Debug|Any CPU
		{0B8F5D4A-BD5C-44A5-A0F3-590DB3548F0D}.Debug|Any CPU.Build.0 = Debug|Any CPU
		{0B8F5D4A-BD5C-44A5-A0F3-590DB3548F0D}.Debug|ARM64.ActiveCfg = Debug|Any CPU
		{0B8F5D4A-BD5C-44A5-A0F3-590DB3548F0D}.Debug|ARM64.Build.0 = Debug|Any CPU
		{0B8F5D4A-BD5C-44A5-A0F3-590DB3548F0D}.Release|Any CPU.ActiveCfg = Release|Any CPU
		{0B8F5D4A-BD5C-44A5-A0F3-590DB3548F0D}.Release|Any CPU.Build.0 = Release|Any CPU
		{0B8F5D4A-BD5C-44A5-A0F3-590DB3548F0D}.Release|ARM64.ActiveCfg = Release|Any CPU
		{0B8F5D4A-BD5C-44A5-A0F3-590DB3548F0D}.Release|ARM64.Build.0 = Release|Any CPU
		{E0544545-2D6D-456A-ABE1-A70442D21C91}.Debug|Any CPU.ActiveCfg = Debug|Any CPU
		{E0544545-2D6D-456A-ABE1-A70442D21C91}.Debug|Any CPU.Build.0 = Debug|Any CPU
		{E0544545-2D6D-456A-ABE1-A70442D21C91}.Debug|ARM64.ActiveCfg = Debug|Any CPU
		{E0544545-2D6D-456A-ABE1-A70442D21C91}.Debug|ARM64.Build.0 = Debug|Any CPU
		{E0544545-2D6D-456A-ABE1-A70442D21C91}.Release|Any CPU.ActiveCfg = Release|Any CPU
		{E0544545-2D6D-456A-ABE1-A70442D21C91}.Release|Any CPU.Build.0 = Release|Any CPU
		{E0544545-2D6D-456A-ABE1-A70442D21C91}.Release|ARM64.ActiveCfg = Release|Any CPU
		{E0544545-2D6D-456A-ABE1-A70442D21C91}.Release|ARM64.Build.0 = Release|Any CPU
		{0C124E7D-07FD-449A-B381-6F4C81F3F70C}.Debug|Any CPU.ActiveCfg = Debug|Any CPU
		{0C124E7D-07FD-449A-B381-6F4C81F3F70C}.Debug|Any CPU.Build.0 = Debug|Any CPU
		{0C124E7D-07FD-449A-B381-6F4C81F3F70C}.Debug|ARM64.ActiveCfg = Debug|Any CPU
		{0C124E7D-07FD-449A-B381-6F4C81F3F70C}.Debug|ARM64.Build.0 = Debug|Any CPU
		{0C124E7D-07FD-449A-B381-6F4C81F3F70C}.Release|Any CPU.ActiveCfg = Release|Any CPU
		{0C124E7D-07FD-449A-B381-6F4C81F3F70C}.Release|Any CPU.Build.0 = Release|Any CPU
		{0C124E7D-07FD-449A-B381-6F4C81F3F70C}.Release|ARM64.ActiveCfg = Release|Any CPU
		{0C124E7D-07FD-449A-B381-6F4C81F3F70C}.Release|ARM64.Build.0 = Release|Any CPU
		{BF90319C-F718-47ED-979E-C3E11675BBAA}.Debug|Any CPU.ActiveCfg = Debug|Any CPU
		{BF90319C-F718-47ED-979E-C3E11675BBAA}.Debug|Any CPU.Build.0 = Debug|Any CPU
		{BF90319C-F718-47ED-979E-C3E11675BBAA}.Debug|ARM64.ActiveCfg = Debug|Any CPU
		{BF90319C-F718-47ED-979E-C3E11675BBAA}.Debug|ARM64.Build.0 = Debug|Any CPU
		{BF90319C-F718-47ED-979E-C3E11675BBAA}.Release|Any CPU.ActiveCfg = Release|Any CPU
		{BF90319C-F718-47ED-979E-C3E11675BBAA}.Release|Any CPU.Build.0 = Release|Any CPU
		{BF90319C-F718-47ED-979E-C3E11675BBAA}.Release|ARM64.ActiveCfg = Release|Any CPU
		{BF90319C-F718-47ED-979E-C3E11675BBAA}.Release|ARM64.Build.0 = Release|Any CPU
		{BCB6C726-2BBC-415A-A3EB-3C655DB31CBF}.Debug|Any CPU.ActiveCfg = Debug|Any CPU
		{BCB6C726-2BBC-415A-A3EB-3C655DB31CBF}.Debug|Any CPU.Build.0 = Debug|Any CPU
		{BCB6C726-2BBC-415A-A3EB-3C655DB31CBF}.Debug|ARM64.ActiveCfg = Debug|Any CPU
		{BCB6C726-2BBC-415A-A3EB-3C655DB31CBF}.Debug|ARM64.Build.0 = Debug|Any CPU
		{BCB6C726-2BBC-415A-A3EB-3C655DB31CBF}.Release|Any CPU.ActiveCfg = Release|Any CPU
		{BCB6C726-2BBC-415A-A3EB-3C655DB31CBF}.Release|Any CPU.Build.0 = Release|Any CPU
		{BCB6C726-2BBC-415A-A3EB-3C655DB31CBF}.Release|ARM64.ActiveCfg = Release|Any CPU
		{BCB6C726-2BBC-415A-A3EB-3C655DB31CBF}.Release|ARM64.Build.0 = Release|Any CPU
		{C32F360B-20B1-4EC8-8D84-295F6E26596D}.Debug|Any CPU.ActiveCfg = Debug|Any CPU
		{C32F360B-20B1-4EC8-8D84-295F6E26596D}.Debug|Any CPU.Build.0 = Debug|Any CPU
		{C32F360B-20B1-4EC8-8D84-295F6E26596D}.Debug|ARM64.ActiveCfg = Debug|ARM64
		{C32F360B-20B1-4EC8-8D84-295F6E26596D}.Debug|ARM64.Build.0 = Debug|ARM64
		{C32F360B-20B1-4EC8-8D84-295F6E26596D}.Release|Any CPU.ActiveCfg = Release|Any CPU
		{C32F360B-20B1-4EC8-8D84-295F6E26596D}.Release|Any CPU.Build.0 = Release|Any CPU
		{C32F360B-20B1-4EC8-8D84-295F6E26596D}.Release|ARM64.ActiveCfg = Release|Any CPU
		{C32F360B-20B1-4EC8-8D84-295F6E26596D}.Release|ARM64.Build.0 = Release|Any CPU
		{33252219-697A-43E1-AB47-159DB8A1CB66}.Debug|Any CPU.ActiveCfg = Debug|Any CPU
		{33252219-697A-43E1-AB47-159DB8A1CB66}.Debug|Any CPU.Build.0 = Debug|Any CPU
		{33252219-697A-43E1-AB47-159DB8A1CB66}.Debug|ARM64.ActiveCfg = Debug|ARM64
		{33252219-697A-43E1-AB47-159DB8A1CB66}.Debug|ARM64.Build.0 = Debug|ARM64
		{33252219-697A-43E1-AB47-159DB8A1CB66}.Release|Any CPU.ActiveCfg = Release|Any CPU
		{33252219-697A-43E1-AB47-159DB8A1CB66}.Release|Any CPU.Build.0 = Release|Any CPU
		{33252219-697A-43E1-AB47-159DB8A1CB66}.Release|ARM64.ActiveCfg = Release|ARM64
		{33252219-697A-43E1-AB47-159DB8A1CB66}.Release|ARM64.Build.0 = Release|ARM64
		{33C29182-8988-4802-AA1C-C3C71B6A0893}.Debug|Any CPU.ActiveCfg = Debug|Any CPU
		{33C29182-8988-4802-AA1C-C3C71B6A0893}.Debug|Any CPU.Build.0 = Debug|Any CPU
		{33C29182-8988-4802-AA1C-C3C71B6A0893}.Debug|ARM64.ActiveCfg = Debug|Any CPU
		{33C29182-8988-4802-AA1C-C3C71B6A0893}.Debug|ARM64.Build.0 = Debug|Any CPU
		{33C29182-8988-4802-AA1C-C3C71B6A0893}.Release|Any CPU.ActiveCfg = Release|Any CPU
		{33C29182-8988-4802-AA1C-C3C71B6A0893}.Release|Any CPU.Build.0 = Release|Any CPU
		{33C29182-8988-4802-AA1C-C3C71B6A0893}.Release|ARM64.ActiveCfg = Release|Any CPU
		{33C29182-8988-4802-AA1C-C3C71B6A0893}.Release|ARM64.Build.0 = Release|Any CPU
		{676FF0F1-F172-409C-B078-09B08614455F}.Debug|Any CPU.ActiveCfg = Debug|Any CPU
		{676FF0F1-F172-409C-B078-09B08614455F}.Debug|Any CPU.Build.0 = Debug|Any CPU
		{676FF0F1-F172-409C-B078-09B08614455F}.Debug|ARM64.ActiveCfg = Debug|Any CPU
		{676FF0F1-F172-409C-B078-09B08614455F}.Debug|ARM64.Build.0 = Debug|Any CPU
		{676FF0F1-F172-409C-B078-09B08614455F}.Release|Any CPU.ActiveCfg = Release|Any CPU
		{676FF0F1-F172-409C-B078-09B08614455F}.Release|Any CPU.Build.0 = Release|Any CPU
		{676FF0F1-F172-409C-B078-09B08614455F}.Release|ARM64.ActiveCfg = Release|Any CPU
		{676FF0F1-F172-409C-B078-09B08614455F}.Release|ARM64.Build.0 = Release|Any CPU
	EndGlobalSection
	GlobalSection(SolutionProperties) = preSolution
		HideSolutionNode = FALSE
	EndGlobalSection
	GlobalSection(NestedProjects) = preSolution
		{418E1E7E-4990-4FDD-83F4-82A988898CD4} = {85ACE26B-88CA-4817-A24D-C50E5A5D430F}
		{18CF6F65-92E9-443B-894A-D54959FD2375} = {85ACE26B-88CA-4817-A24D-C50E5A5D430F}
		{0B8F5D4A-BD5C-44A5-A0F3-590DB3548F0D} = {85ACE26B-88CA-4817-A24D-C50E5A5D430F}
		{BCB6C726-2BBC-415A-A3EB-3C655DB31CBF} = {A8D21B0F-9EDC-4C40-91E8-30629EE8CA7B}
		{33252219-697A-43E1-AB47-159DB8A1CB66} = {85ACE26B-88CA-4817-A24D-C50E5A5D430F}
		{676FF0F1-F172-409C-B078-09B08614455F} = {85ACE26B-88CA-4817-A24D-C50E5A5D430F}
	EndGlobalSection
	GlobalSection(ExtensibilityGlobals) = postSolution
		SolutionGuid = {0AED9DEB-9800-4131-95EE-564DCE3157C0}
	EndGlobalSection
EndGlobal
