
Microsoft Visual Studio Solution File, Format Version 12.00
Project("{FAE04EC0-301F-11D3-BF4B-00C04F79EFBC}") = "AppStudio", "AppStudio\AppStudio.csproj", "{1E78621B-3432-4C22-A7B8-EDF093D8A479}"
EndProject
Project("{FAE04EC0-301F-11D3-BF4B-00C04F79EFBC}") = "PixUI", "PixUI\PixUI\PixUI.csproj", "{418E1E7E-4990-4FDD-83F4-82A988898CD4}"
EndProject
Project("{FAE04EC0-301F-11D3-BF4B-00C04F79EFBC}") = "PixUI.CodeEditor", "PixUI\PixUI.CodeEditor\PixUI.CodeEditor.csproj", "{18CF6F65-92E9-443B-894A-D54959FD2375}"
EndProject
Project("{FAE04EC0-301F-11D3-BF4B-00C04F79EFBC}") = "Client", "Client\Client.csproj", "{19FE4329-7FEB-4971-899B-D51F8BA8DDAC}"
EndProject
Project("{FAE04EC0-301F-11D3-BF4B-00C04F79EFBC}") = "WebHost", "WebHost\WebHost.csproj", "{DAD384D7-716D-452A-BF8D-7927F858D194}"
EndProject
Project("{FAE04EC0-301F-11D3-BF4B-00C04F79EFBC}") = "Core", "Core\Core.csproj", "{3182AF03-4823-44A0-9F46-58E98821E959}"
EndProject
Project("{FAE04EC0-301F-11D3-BF4B-00C04F79EFBC}") = "Design", "Design\Design.csproj", "{FEC4FD56-1B67-4475-A7F4-707C78244375}"
EndProject
Project("{FAE04EC0-301F-11D3-BF4B-00C04F79EFBC}") = "Tests", "Tests\Tests.csproj", "{A4D07B9D-CAE6-460F-8C10-D076A5D1C097}"
EndProject
Project("{FAE04EC0-301F-11D3-BF4B-00C04F79EFBC}") = "SerializationGenerator", "SerializationGenerator\SerializationGenerator.csproj", "{DAC4F539-8A6E-45DB-AB8C-822D31B460E1}"
EndProject
Project("{FAE04EC0-301F-11D3-BF4B-00C04F79EFBC}") = "Design.Core", "Design.Core\Design.Core.csproj", "{46330B96-A7BA-4059-BACB-14B3A59962C3}"
EndProject
Global
	GlobalSection(SolutionConfigurationPlatforms) = preSolution
		Debug|Any CPU = Debug|Any CPU
		Release|Any CPU = Release|Any CPU
	EndGlobalSection
	GlobalSection(ProjectConfigurationPlatforms) = postSolution
		{1E78621B-3432-4C22-A7B8-EDF093D8A479}.Debug|Any CPU.ActiveCfg = Debug|Any CPU
		{1E78621B-3432-4C22-A7B8-EDF093D8A479}.Debug|Any CPU.Build.0 = Debug|Any CPU
		{1E78621B-3432-4C22-A7B8-EDF093D8A479}.Release|Any CPU.ActiveCfg = Release|Any CPU
		{1E78621B-3432-4C22-A7B8-EDF093D8A479}.Release|Any CPU.Build.0 = Release|Any CPU
		{418E1E7E-4990-4FDD-83F4-82A988898CD4}.Debug|Any CPU.ActiveCfg = Debug|Any CPU
		{418E1E7E-4990-4FDD-83F4-82A988898CD4}.Debug|Any CPU.Build.0 = Debug|Any CPU
		{418E1E7E-4990-4FDD-83F4-82A988898CD4}.Release|Any CPU.ActiveCfg = Release|Any CPU
		{418E1E7E-4990-4FDD-83F4-82A988898CD4}.Release|Any CPU.Build.0 = Release|Any CPU
		{18CF6F65-92E9-443B-894A-D54959FD2375}.Debug|Any CPU.ActiveCfg = Debug|Any CPU
		{18CF6F65-92E9-443B-894A-D54959FD2375}.Debug|Any CPU.Build.0 = Debug|Any CPU
		{18CF6F65-92E9-443B-894A-D54959FD2375}.Release|Any CPU.ActiveCfg = Release|Any CPU
		{18CF6F65-92E9-443B-894A-D54959FD2375}.Release|Any CPU.Build.0 = Release|Any CPU
		{19FE4329-7FEB-4971-899B-D51F8BA8DDAC}.Debug|Any CPU.ActiveCfg = Debug|Any CPU
		{19FE4329-7FEB-4971-899B-D51F8BA8DDAC}.Debug|Any CPU.Build.0 = Debug|Any CPU
		{19FE4329-7FEB-4971-899B-D51F8BA8DDAC}.Release|Any CPU.ActiveCfg = Release|Any CPU
		{19FE4329-7FEB-4971-899B-D51F8BA8DDAC}.Release|Any CPU.Build.0 = Release|Any CPU
		{DAD384D7-716D-452A-BF8D-7927F858D194}.Debug|Any CPU.ActiveCfg = Debug|Any CPU
		{DAD384D7-716D-452A-BF8D-7927F858D194}.Debug|Any CPU.Build.0 = Debug|Any CPU
		{DAD384D7-716D-452A-BF8D-7927F858D194}.Release|Any CPU.ActiveCfg = Release|Any CPU
		{DAD384D7-716D-452A-BF8D-7927F858D194}.Release|Any CPU.Build.0 = Release|Any CPU
		{3182AF03-4823-44A0-9F46-58E98821E959}.Debug|Any CPU.ActiveCfg = Debug|Any CPU
		{3182AF03-4823-44A0-9F46-58E98821E959}.Debug|Any CPU.Build.0 = Debug|Any CPU
		{3182AF03-4823-44A0-9F46-58E98821E959}.Release|Any CPU.ActiveCfg = Release|Any CPU
		{3182AF03-4823-44A0-9F46-58E98821E959}.Release|Any CPU.Build.0 = Release|Any CPU
		{FEC4FD56-1B67-4475-A7F4-707C78244375}.Debug|Any CPU.ActiveCfg = Debug|Any CPU
		{FEC4FD56-1B67-4475-A7F4-707C78244375}.Debug|Any CPU.Build.0 = Debug|Any CPU
		{FEC4FD56-1B67-4475-A7F4-707C78244375}.Release|Any CPU.ActiveCfg = Release|Any CPU
		{FEC4FD56-1B67-4475-A7F4-707C78244375}.Release|Any CPU.Build.0 = Release|Any CPU
		{A4D07B9D-CAE6-460F-8C10-D076A5D1C097}.Debug|Any CPU.ActiveCfg = Debug|Any CPU
		{A4D07B9D-CAE6-460F-8C10-D076A5D1C097}.Debug|Any CPU.Build.0 = Debug|Any CPU
		{A4D07B9D-CAE6-460F-8C10-D076A5D1C097}.Release|Any CPU.ActiveCfg = Release|Any CPU
		{A4D07B9D-CAE6-460F-8C10-D076A5D1C097}.Release|Any CPU.Build.0 = Release|Any CPU
		{DAC4F539-8A6E-45DB-AB8C-822D31B460E1}.Debug|Any CPU.ActiveCfg = Debug|Any CPU
		{DAC4F539-8A6E-45DB-AB8C-822D31B460E1}.Debug|Any CPU.Build.0 = Debug|Any CPU
		{DAC4F539-8A6E-45DB-AB8C-822D31B460E1}.Release|Any CPU.ActiveCfg = Release|Any CPU
		{DAC4F539-8A6E-45DB-AB8C-822D31B460E1}.Release|Any CPU.Build.0 = Release|Any CPU
		{46330B96-A7BA-4059-BACB-14B3A59962C3}.Debug|Any CPU.ActiveCfg = Debug|Any CPU
		{46330B96-A7BA-4059-BACB-14B3A59962C3}.Debug|Any CPU.Build.0 = Debug|Any CPU
		{46330B96-A7BA-4059-BACB-14B3A59962C3}.Release|Any CPU.ActiveCfg = Release|Any CPU
		{46330B96-A7BA-4059-BACB-14B3A59962C3}.Release|Any CPU.Build.0 = Release|Any CPU
	EndGlobalSection
EndGlobal
